{
  "nodes": {
    "adblock-unbound": {
      "inputs": {
        "adblockStevenBlack": [
          "adblockStevenBlack"
        ],
        "lancache-domains": "lancache-domains",
        "nixpkgs": [
          "nixpkgs"
        ]
      },
      "locked": {
        "lastModified": 1704832551,
        "narHash": "sha256-6xS/ANMIh3b4Ia3Ubl9rtb3LVw9QldihnP3IvuG9zwQ=",
        "owner": "MayNiklas",
        "repo": "nixos-adblock-unbound",
        "rev": "a5d3731836b1c2ca65834e07be03c02daca5b434",
        "type": "github"
      },
      "original": {
        "owner": "MayNiklas",
        "repo": "nixos-adblock-unbound",
        "type": "github"
      }
    },
    "adblock-unbound_2": {
      "inputs": {
        "adblockStevenBlack": [
          "mayniklas",
          "adblockStevenBlack"
        ],
        "lancache-domains": "lancache-domains_2",
        "nixpkgs": [
          "mayniklas",
          "nixpkgs"
        ]
      },
      "locked": {
        "lastModified": 1704832551,
        "narHash": "sha256-6xS/ANMIh3b4Ia3Ubl9rtb3LVw9QldihnP3IvuG9zwQ=",
        "owner": "MayNiklas",
        "repo": "nixos-adblock-unbound",
        "rev": "a5d3731836b1c2ca65834e07be03c02daca5b434",
        "type": "github"
      },
      "original": {
        "owner": "MayNiklas",
        "repo": "nixos-adblock-unbound",
        "type": "github"
      }
    },
    "adblockStevenBlack": {
      "flake": false,
      "locked": {
        "lastModified": 1717861551,
        "narHash": "sha256-8wolGw60hKNa++YO57FXL8/g5U84VgINoQAZ3ppe0ME=",
        "owner": "StevenBlack",
        "repo": "hosts",
        "rev": "846f528dfc591a647a36462ec1f8bf3453fa0c35",
        "type": "github"
      },
      "original": {
        "owner": "StevenBlack",
        "repo": "hosts",
        "type": "github"
      }
    },
    "adblockStevenBlack_2": {
      "flake": false,
      "locked": {
        "lastModified": 1714790410,
        "narHash": "sha256-urPjJa/pxAP8Q79Ec8xzuIoOb/H4Efm8qvDPlqWIF7M=",
        "owner": "StevenBlack",
        "repo": "hosts",
        "rev": "ee48544926f3b132b190b89a32ba04fc014e2702",
        "type": "github"
      },
      "original": {
        "owner": "StevenBlack",
        "repo": "hosts",
        "type": "github"
      }
    },
    "attic": {
      "inputs": {
        "crane": "crane",
        "flake-compat": "flake-compat",
        "flake-utils": "flake-utils_3",
        "nixpkgs": "nixpkgs_2",
        "nixpkgs-stable": "nixpkgs-stable"
      },
      "locked": {
        "lastModified": 1711742460,
        "narHash": "sha256-0O4v6e4a1toxXZ2gf5INhg4WPE5C5T+SVvsBt+45Mcc=",
        "owner": "zhaofengli",
        "repo": "attic",
        "rev": "4dbdbee45728d8ce5788db6461aaaa89d98081f0",
        "type": "github"
      },
      "original": {
        "owner": "zhaofengli",
        "repo": "attic",
        "type": "github"
      }
    },
    "bonn-mensa": {
      "inputs": {
        "nixpkgs": [
          "nixpkgs"
        ]
      },
      "locked": {
        "lastModified": 1714294158,
        "narHash": "sha256-6ePYCr7qNnWoBULTpV1kZ+Daf/s3SltcLuKi24FCR7M=",
        "owner": "alexanderwallau",
        "repo": "bonn-mensa",
        "rev": "dabbcfc1324b00a5a0a03cf20d952ac106a6a3c6",
        "type": "github"
      },
      "original": {
        "owner": "alexanderwallau",
        "repo": "bonn-mensa",
        "type": "github"
      }
    },
    "crab_share": {
      "inputs": {
        "nixpkgs": "nixpkgs"
      },
      "locked": {
        "lastModified": 1700222765,
        "narHash": "sha256-KBOUbzUbIzTWvZn18H4kHEjp3P/rnDNSOl6xiim977Q=",
        "owner": "lounge-rocks",
        "repo": "crab_share",
        "rev": "03f235e4599f07c681f3756c2b45b2ec7d1d1094",
        "type": "github"
      },
      "original": {
        "owner": "lounge-rocks",
        "repo": "crab_share",
        "type": "github"
      }
    },
    "crane": {
      "inputs": {
        "nixpkgs": [
          "mayniklas",
          "attic",
          "nixpkgs"
        ]
      },
      "locked": {
        "lastModified": 1702918879,
        "narHash": "sha256-tWJqzajIvYcaRWxn+cLUB9L9Pv4dQ3Bfit/YjU5ze3g=",
        "owner": "ipetkov",
        "repo": "crane",
        "rev": "7195c00c272fdd92fc74e7d5a0a2844b9fadb2fb",
        "type": "github"
      },
      "original": {
        "owner": "ipetkov",
        "repo": "crane",
        "type": "github"
      }
    },
    "devshell": {
      "inputs": {
        "flake-utils": "flake-utils_8",
        "nixpkgs": [
          "nixvim",
          "nixpkgs"
        ]
      },
      "locked": {
        "lastModified": 1717408969,
        "narHash": "sha256-Q0OEFqe35fZbbRPPRdrjTUUChKVhhWXz3T9ZSKmaoVY=",
        "owner": "numtide",
        "repo": "devshell",
        "rev": "1ebbe68d57457c8cae98145410b164b5477761f4",
        "type": "github"
      },
      "original": {
        "owner": "numtide",
        "repo": "devshell",
        "type": "github"
      }
    },
    "disko": {
      "inputs": {
        "nixpkgs": [
          "nixpkgs"
        ]
      },
      "locked": {
        "lastModified": 1717770040,
        "narHash": "sha256-eq9gP060TqWqRf2k4WO5FrG49rVq5Jy3Ptusg0CFdds=",
        "owner": "nix-community",
        "repo": "disko",
        "rev": "398acc470f7c2d68621db01900f053e6000129c4",
        "type": "github"
      },
      "original": {
        "owner": "nix-community",
        "repo": "disko",
        "type": "github"
      }
    },
    "flake-compat": {
      "flake": false,
      "locked": {
        "lastModified": 1673956053,
        "narHash": "sha256-4gtG9iQuiKITOjNQQeQIpoIB6b16fm+504Ch3sNKLd8=",
        "owner": "edolstra",
        "repo": "flake-compat",
        "rev": "35bb57c0c8d8b62bbfd284272c928ceb64ddbde9",
        "type": "github"
      },
      "original": {
        "owner": "edolstra",
        "repo": "flake-compat",
        "type": "github"
      }
    },
    "flake-compat_2": {
      "flake": false,
      "locked": {
        "lastModified": 1627913399,
        "narHash": "sha256-hY8g6H2KFL8ownSiFeMOjwPC8P0ueXpCVEbxgda3pko=",
        "owner": "edolstra",
        "repo": "flake-compat",
        "rev": "12c64ca55c1014cdc1b16ed5a804aa8576601ff2",
        "type": "github"
      },
      "original": {
        "owner": "edolstra",
        "repo": "flake-compat",
        "type": "github"
      }
    },
    "flake-compat_3": {
      "locked": {
        "lastModified": 1696426674,
        "narHash": "sha256-kvjfFW7WAETZlt09AgDn1MrtKzP7t90Vf7vypd3OL1U=",
        "rev": "0f9255e01c2351cc7d116c072cb317785dd33b33",
        "revCount": 57,
        "type": "tarball",
        "url": "https://api.flakehub.com/f/pinned/edolstra/flake-compat/1.0.1/018afb31-abd1-7bff-a5e4-cff7e18efb7a/source.tar.gz"
      },
      "original": {
        "type": "tarball",
        "url": "https://flakehub.com/f/edolstra/flake-compat/1.tar.gz"
      }
    },
    "flake-compat_4": {
      "flake": false,
      "locked": {
        "lastModified": 1696426674,
        "narHash": "sha256-kvjfFW7WAETZlt09AgDn1MrtKzP7t90Vf7vypd3OL1U=",
        "owner": "edolstra",
        "repo": "flake-compat",
        "rev": "0f9255e01c2351cc7d116c072cb317785dd33b33",
        "type": "github"
      },
      "original": {
        "owner": "edolstra",
        "repo": "flake-compat",
        "type": "github"
      }
    },
    "flake-parts": {
      "inputs": {
        "nixpkgs-lib": "nixpkgs-lib"
      },
      "locked": {
        "lastModified": 1714641030,
        "narHash": "sha256-yzcRNDoyVP7+SCNX0wmuDju1NUCt8Dz9+lyUXEI0dbI=",
        "owner": "hercules-ci",
        "repo": "flake-parts",
        "rev": "e5d10a24b66c3ea8f150e47dfdb0416ab7c3390e",
        "type": "github"
      },
      "original": {
        "owner": "hercules-ci",
        "repo": "flake-parts",
        "type": "github"
      }
    },
    "flake-parts_2": {
      "inputs": {
        "nixpkgs-lib": [
          "mayniklas",
          "nixpkgs-review",
          "nixpkgs"
        ]
      },
      "locked": {
        "lastModified": 1709336216,
        "narHash": "sha256-Dt/wOWeW6Sqm11Yh+2+t0dfEWxoMxGBvv3JpIocFl9E=",
        "owner": "hercules-ci",
        "repo": "flake-parts",
        "rev": "f7b3c975cf067e56e7cda6cb098ebe3fb4d74ca2",
        "type": "github"
      },
      "original": {
        "owner": "hercules-ci",
        "repo": "flake-parts",
        "type": "github"
      }
    },
    "flake-parts_3": {
      "inputs": {
        "nixpkgs-lib": [
          "nixvim",
          "nixpkgs"
        ]
      },
      "locked": {
        "lastModified": 1717285511,
        "narHash": "sha256-iKzJcpdXih14qYVcZ9QC9XuZYnPc6T8YImb6dX166kw=",
        "owner": "hercules-ci",
        "repo": "flake-parts",
        "rev": "2a55567fcf15b1b1c7ed712a2c6fadaec7412ea8",
        "type": "github"
      },
      "original": {
        "owner": "hercules-ci",
        "repo": "flake-parts",
        "type": "github"
      }
    },
    "flake-utils": {
      "inputs": {
        "systems": "systems"
      },
      "locked": {
        "lastModified": 1710146030,
        "narHash": "sha256-SZ5L6eA7HJ/nmkzGG7/ISclqe6oZdOZTNoesiInkXPQ=",
        "owner": "numtide",
        "repo": "flake-utils",
        "rev": "b1d9ab70662946ef0850d488da1c9019f3a9752a",
        "type": "github"
      },
      "original": {
        "owner": "numtide",
        "repo": "flake-utils",
        "type": "github"
      }
    },
    "flake-utils_2": {
      "inputs": {
        "systems": "systems_2"
      },
      "locked": {
        "lastModified": 1710146030,
        "narHash": "sha256-SZ5L6eA7HJ/nmkzGG7/ISclqe6oZdOZTNoesiInkXPQ=",
        "owner": "numtide",
        "repo": "flake-utils",
        "rev": "b1d9ab70662946ef0850d488da1c9019f3a9752a",
        "type": "github"
      },
      "original": {
        "owner": "numtide",
        "repo": "flake-utils",
        "type": "github"
      }
    },
    "flake-utils_3": {
      "locked": {
        "lastModified": 1667395993,
        "narHash": "sha256-nuEHfE/LcWyuSWnS8t12N1wc105Qtau+/OdUAjtQ0rA=",
        "owner": "numtide",
        "repo": "flake-utils",
        "rev": "5aed5285a952e0b949eb3ba02c12fa4fcfef535f",
        "type": "github"
      },
      "original": {
        "owner": "numtide",
        "repo": "flake-utils",
        "type": "github"
      }
    },
    "flake-utils_4": {
      "inputs": {
        "systems": "systems_3"
      },
      "locked": {
        "lastModified": 1710146030,
        "narHash": "sha256-SZ5L6eA7HJ/nmkzGG7/ISclqe6oZdOZTNoesiInkXPQ=",
        "owner": "numtide",
        "repo": "flake-utils",
        "rev": "b1d9ab70662946ef0850d488da1c9019f3a9752a",
        "type": "github"
      },
      "original": {
        "owner": "numtide",
        "repo": "flake-utils",
        "type": "github"
      }
    },
    "flake-utils_5": {
      "inputs": {
        "systems": "systems_4"
      },
      "locked": {
        "lastModified": 1681202837,
        "narHash": "sha256-H+Rh19JDwRtpVPAWp64F+rlEtxUWBAQW28eAi3SRSzg=",
        "owner": "numtide",
        "repo": "flake-utils",
        "rev": "cfacdce06f30d2b68473a46042957675eebb3401",
        "type": "github"
      },
      "original": {
        "owner": "numtide",
        "repo": "flake-utils",
        "type": "github"
      }
    },
    "flake-utils_6": {
      "locked": {
        "lastModified": 1629481132,
        "narHash": "sha256-JHgasjPR0/J1J3DRm4KxM4zTyAj4IOJY8vIl75v/kPI=",
        "owner": "numtide",
        "repo": "flake-utils",
        "rev": "997f7efcb746a9c140ce1f13c72263189225f482",
        "type": "github"
      },
      "original": {
        "owner": "numtide",
        "repo": "flake-utils",
        "type": "github"
      }
    },
    "flake-utils_7": {
      "locked": {
        "lastModified": 1659877975,
        "narHash": "sha256-zllb8aq3YO3h8B/U0/J1WBgAL8EX5yWf5pMj3G0NAmc=",
        "owner": "numtide",
        "repo": "flake-utils",
        "rev": "c0e246b9b83f637f4681389ecabcb2681b4f3af0",
        "type": "github"
      },
      "original": {
        "owner": "numtide",
        "repo": "flake-utils",
        "type": "github"
      }
    },
    "flake-utils_8": {
      "inputs": {
        "systems": "systems_5"
      },
      "locked": {
        "lastModified": 1701680307,
        "narHash": "sha256-kAuep2h5ajznlPMD9rnQyffWG8EM/C73lejGofXvdM8=",
        "owner": "numtide",
        "repo": "flake-utils",
        "rev": "4022d587cbbfd70fe950c1e2083a02621806a725",
        "type": "github"
      },
      "original": {
        "owner": "numtide",
        "repo": "flake-utils",
        "type": "github"
      }
    },
    "git-hooks": {
      "inputs": {
        "flake-compat": "flake-compat_4",
        "gitignore": "gitignore",
        "nixpkgs": [
          "nixvim",
          "nixpkgs"
        ],
        "nixpkgs-stable": [
          "nixvim",
          "nixpkgs"
        ]
      },
      "locked": {
        "lastModified": 1717664902,
        "narHash": "sha256-7XfBuLULizXjXfBYy/VV+SpYMHreNRHk9nKMsm1bgb4=",
        "owner": "cachix",
        "repo": "git-hooks.nix",
        "rev": "cc4d466cb1254af050ff7bdf47f6d404a7c646d1",
        "type": "github"
      },
      "original": {
        "owner": "cachix",
        "repo": "git-hooks.nix",
        "type": "github"
      }
    },
    "gitignore": {
      "inputs": {
        "nixpkgs": [
          "nixvim",
          "git-hooks",
          "nixpkgs"
        ]
      },
      "locked": {
        "lastModified": 1709087332,
        "narHash": "sha256-HG2cCnktfHsKV0s4XW83gU3F57gaTljL9KNSuG6bnQs=",
        "owner": "hercules-ci",
        "repo": "gitignore.nix",
        "rev": "637db329424fd7e46cf4185293b9cc8c88c95394",
        "type": "github"
      },
      "original": {
        "owner": "hercules-ci",
        "repo": "gitignore.nix",
        "type": "github"
      }
    },
    "home-manager": {
      "inputs": {
        "nixpkgs": [
          "nixpkgs"
        ]
      },
      "locked": {
        "lastModified": 1717525419,
        "narHash": "sha256-5z2422pzWnPXHgq2ms8lcCfttM0dz+hg+x1pCcNkAws=",
        "owner": "nix-community",
        "repo": "home-manager",
        "rev": "a7117efb3725e6197dd95424136f79147aa35e5b",
        "type": "github"
      },
      "original": {
        "owner": "nix-community",
        "repo": "home-manager",
        "type": "github"
      }
    },
    "home-manager_2": {
      "inputs": {
        "nixpkgs": [
          "nixvim",
          "nixpkgs"
        ]
      },
      "locked": {
        "lastModified": 1717525419,
        "narHash": "sha256-5z2422pzWnPXHgq2ms8lcCfttM0dz+hg+x1pCcNkAws=",
        "owner": "nix-community",
        "repo": "home-manager",
        "rev": "a7117efb3725e6197dd95424136f79147aa35e5b",
        "type": "github"
      },
      "original": {
        "owner": "nix-community",
        "repo": "home-manager",
        "type": "github"
      }
    },
    "lancache-domains": {
      "flake": false,
      "locked": {
        "lastModified": 1679999806,
        "narHash": "sha256-oDZ2pSf8IgofRS4HaRppGcd4kHQj48AC9dkS++avYy8=",
        "owner": "uklans",
        "repo": "cache-domains",
        "rev": "31b2ba1e0a7c419327cb97f589b508d78b9aecbf",
        "type": "github"
      },
      "original": {
        "owner": "uklans",
        "repo": "cache-domains",
        "type": "github"
      }
    },
    "lancache-domains_2": {
      "flake": false,
      "locked": {
        "lastModified": 1679999806,
        "narHash": "sha256-oDZ2pSf8IgofRS4HaRppGcd4kHQj48AC9dkS++avYy8=",
        "owner": "uklans",
        "repo": "cache-domains",
        "rev": "31b2ba1e0a7c419327cb97f589b508d78b9aecbf",
        "type": "github"
      },
      "original": {
        "owner": "uklans",
        "repo": "cache-domains",
        "type": "github"
      }
    },
    "lollypops": {
      "inputs": {
        "flake-utils": "flake-utils_2",
        "nixpkgs": [
          "nixpkgs"
        ]
      },
      "locked": {
        "lastModified": 1717250618,
        "narHash": "sha256-BjbIcwtNCeRzZ/UgCIkFG7Trk6dagGxOEqNv9wOzER8=",
        "owner": "pinpox",
        "repo": "lollypops",
        "rev": "c52f704a4bf44bd793558c9080982a38e77af01b",
        "type": "github"
      },
      "original": {
        "owner": "pinpox",
        "repo": "lollypops",
        "type": "github"
      }
    },
    "mayniklas": {
      "inputs": {
        "adblock-unbound": "adblock-unbound_2",
        "adblockStevenBlack": "adblockStevenBlack_2",
        "attic": "attic",
        "disko": [
          "disko"
        ],
        "flake-utils": "flake-utils_4",
        "home-manager": [
          "home-manager"
        ],
        "lollypops": [
          "lollypops"
        ],
        "nix-fast-build": "nix-fast-build",
        "nixos-hardware": [
          "nixos-hardware"
        ],
        "nixpkgs": [
          "nixpkgs"
        ],
        "nixpkgs-review": "nixpkgs-review",
        "ondsel": "ondsel",
        "shelly-exporter": "shelly-exporter",
        "valorant-exporter": "valorant-exporter",
        "vscode-server": "vscode-server",
        "wallpaper-generator": "wallpaper-generator"
      },
      "locked": {
        "lastModified": 1716296221,
        "narHash": "sha256-W/8MJLHbTPd0f6bYcSxdXM73BflDTPV3D/mBgnwANiY=",
        "owner": "MayNiklas",
        "repo": "nixos",
        "rev": "9b77399ada1094288a3e4a448e6d897f73d85c23",
        "type": "github"
      },
      "original": {
        "owner": "MayNiklas",
        "repo": "nixos",
        "type": "github"
      }
    },
    "nix-darwin": {
      "inputs": {
        "nixpkgs": [
          "nixvim",
          "nixpkgs"
        ]
      },
      "locked": {
        "lastModified": 1716993688,
        "narHash": "sha256-vo5k2wQekfeoq/2aleQkBN41dQiQHNTniZeVONWiWLs=",
        "owner": "lnl7",
        "repo": "nix-darwin",
        "rev": "c0d5b8c54d6828516c97f6be9f2d00c63a363df4",
        "type": "github"
      },
      "original": {
        "owner": "lnl7",
        "repo": "nix-darwin",
        "type": "github"
      }
    },
    "nix-fast-build": {
      "inputs": {
        "flake-parts": "flake-parts",
        "nixpkgs": "nixpkgs_3",
        "treefmt-nix": "treefmt-nix"
      },
      "locked": {
        "lastModified": 1714663357,
        "narHash": "sha256-2D2UVkXHivtNUohlJy3GjMaiE7efozJCRgnYOkBbZlY=",
        "owner": "Mic92",
        "repo": "nix-fast-build",
        "rev": "071d44681486271060f938a354ef9ba82ee4f9ea",
        "type": "github"
      },
      "original": {
        "owner": "Mic92",
        "repo": "nix-fast-build",
        "type": "github"
      }
    },
    "nixgl": {
      "inputs": {
        "flake-utils": "flake-utils_7",
        "nixpkgs": [
          "nixpkgs"
        ]
      },
      "locked": {
        "lastModified": 1713543440,
        "narHash": "sha256-lnzZQYG0+EXl/6NkGpyIz+FEOc/DSEG57AP1VsdeNrM=",
        "owner": "guibou",
        "repo": "nixGL",
        "rev": "310f8e49a149e4c9ea52f1adf70cdc768ec53f8a",
        "type": "github"
      },
      "original": {
        "owner": "guibou",
        "repo": "nixGL",
        "type": "github"
      }
    },
    "nixlib": {
      "locked": {
        "lastModified": 1712450863,
        "narHash": "sha256-K6IkdtMtq9xktmYPj0uaYc8NsIqHuaAoRBaMgu9Fvrw=",
        "owner": "nix-community",
        "repo": "nixpkgs.lib",
        "rev": "3c62b6a12571c9a7f65ab037173ee153d539905f",
        "type": "github"
      },
      "original": {
        "owner": "nix-community",
        "repo": "nixpkgs.lib",
        "type": "github"
      }
    },
    "nixos-generators": {
      "inputs": {
        "nixlib": "nixlib",
        "nixpkgs": [
          "nixpkgs"
        ]
      },
      "locked": {
        "lastModified": 1716210724,
        "narHash": "sha256-iqQa3omRcHGpWb1ds75jS9ruA5R39FTmAkeR3J+ve1w=",
        "owner": "nix-community",
        "repo": "nixos-generators",
        "rev": "d14b286322c7f4f897ca4b1726ce38cb68596c94",
        "type": "github"
      },
      "original": {
        "owner": "nix-community",
        "repo": "nixos-generators",
        "type": "github"
      }
    },
    "nixos-hardware": {
      "locked": {
        "lastModified": 1717828156,
        "narHash": "sha256-YvstO0lobf3JWQuAfZCLYRTROC2ZDEgtWeQtWbO49p4=",
        "owner": "NixOS",
        "repo": "nixos-hardware",
        "rev": "057a7996d012f342a38a26261ee529cebb1755ef",
        "type": "github"
      },
      "original": {
        "owner": "NixOS",
        "ref": "master",
        "repo": "nixos-hardware",
        "type": "github"
      }
    },
    "nixpkgs": {
      "locked": {
        "lastModified": 1687502512,
        "narHash": "sha256-dBL/01TayOSZYxtY4cMXuNCBk8UMLoqRZA+94xiFpJA=",
        "owner": "nixos",
        "repo": "nixpkgs",
        "rev": "3ae20aa58a6c0d1ca95c9b11f59a2d12eebc511f",
        "type": "github"
      },
      "original": {
        "owner": "nixos",
        "ref": "nixos-unstable",
        "repo": "nixpkgs",
        "type": "github"
      }
    },
    "nixpkgs-lib": {
      "locked": {
        "lastModified": 1714640452,
        "narHash": "sha256-QBx10+k6JWz6u7VsohfSw8g8hjdBZEf8CFzXH1/1Z94=",
        "type": "tarball",
        "url": "https://github.com/NixOS/nixpkgs/archive/50eb7ecf4cd0a5756d7275c8ba36790e5bd53e33.tar.gz"
      },
      "original": {
        "type": "tarball",
        "url": "https://github.com/NixOS/nixpkgs/archive/50eb7ecf4cd0a5756d7275c8ba36790e5bd53e33.tar.gz"
      }
    },
    "nixpkgs-review": {
      "inputs": {
        "flake-parts": "flake-parts_2",
        "nixpkgs": "nixpkgs_4",
        "treefmt-nix": "treefmt-nix_2"
      },
      "locked": {
        "lastModified": 1711392069,
        "narHash": "sha256-+4T6Mm4YfH0wWlkNYS03H9Z9oNlYQnVUncvWGA0CKIQ=",
        "owner": "Mic92",
        "repo": "nixpkgs-review",
        "rev": "737426cb9bd90a2a47b11465198a89b4830bc913",
        "type": "github"
      },
      "original": {
        "owner": "Mic92",
        "repo": "nixpkgs-review",
        "type": "github"
      }
    },
    "nixpkgs-stable": {
      "locked": {
        "lastModified": 1711460390,
        "narHash": "sha256-akSgjDZL6pVHEfSE6sz1DNSXuYX6hq+P/1Z5IoYWs7E=",
        "owner": "NixOS",
        "repo": "nixpkgs",
        "rev": "44733514b72e732bd49f5511bd0203dea9b9a434",
        "type": "github"
      },
      "original": {
        "owner": "NixOS",
        "ref": "nixos-23.11",
        "repo": "nixpkgs",
        "type": "github"
      }
    },
    "nixpkgs-stable_2": {
      "locked": {
        "lastModified": 1717265169,
        "narHash": "sha256-IITcGd6xpNoyq9SZBigCkv4+qMHSqot0RDPR4xsZ2CA=",
        "owner": "NixOS",
        "repo": "nixpkgs",
        "rev": "3b1b4895b2c5f9f5544d02132896aeb9ceea77bc",
        "type": "github"
      },
      "original": {
        "owner": "NixOS",
        "ref": "release-23.11",
        "repo": "nixpkgs",
        "type": "github"
      }
    },
    "nixpkgs_2": {
      "locked": {
        "lastModified": 1711401922,
        "narHash": "sha256-QoQqXoj8ClGo0sqD/qWKFWezgEwUL0SUh37/vY2jNhc=",
        "owner": "NixOS",
        "repo": "nixpkgs",
        "rev": "07262b18b97000d16a4bdb003418bd2fb067a932",
        "type": "github"
      },
      "original": {
        "owner": "NixOS",
        "ref": "nixpkgs-unstable",
        "repo": "nixpkgs",
        "type": "github"
      }
    },
    "nixpkgs_3": {
      "locked": {
        "lastModified": 1714562304,
        "narHash": "sha256-Mr3U37Rh6tH0FbaDFu0aZDwk9mPAe7ASaqDOGgLqqLU=",
        "owner": "NixOS",
        "repo": "nixpkgs",
        "rev": "bcd44e224fd68ce7d269b4f44d24c2220fd821e7",
        "type": "github"
      },
      "original": {
        "owner": "NixOS",
        "ref": "nixpkgs-unstable",
        "repo": "nixpkgs",
        "type": "github"
      }
    },
    "nixpkgs_4": {
      "locked": {
        "lastModified": 1710637405,
        "narHash": "sha256-w/woLwnFyhOeJWPjSWFtMNI2/RZTaAtHySIfm43Chos=",
        "owner": "NixOS",
        "repo": "nixpkgs",
        "rev": "299d4668ba61600311553920d9fd9c102145b2cb",
        "type": "github"
      },
      "original": {
        "owner": "NixOS",
        "ref": "nixpkgs-unstable",
        "repo": "nixpkgs",
        "type": "github"
      }
    },
    "nixpkgs_5": {
      "locked": {
        "lastModified": 1709961763,
        "narHash": "sha256-6H95HGJHhEZtyYA3rIQpvamMKAGoa8Yh2rFV29QnuGw=",
        "owner": "NixOS",
        "repo": "nixpkgs",
        "rev": "3030f185ba6a4bf4f18b87f345f104e6a6961f34",
        "type": "github"
      },
      "original": {
        "id": "nixpkgs",
        "ref": "nixos-unstable",
        "type": "indirect"
      }
    },
    "nixpkgs_6": {
      "locked": {
        "lastModified": 1682134069,
        "narHash": "sha256-TnI/ZXSmRxQDt2sjRYK/8j8iha4B4zP2cnQCZZ3vp7k=",
        "owner": "NixOS",
        "repo": "nixpkgs",
        "rev": "fd901ef4bf93499374c5af385b2943f5801c0833",
        "type": "github"
      },
      "original": {
        "id": "nixpkgs",
        "type": "indirect"
      }
    },
    "nixpkgs_7": {
      "locked": {
        "lastModified": 1629618782,
        "narHash": "sha256-2K8SSXu3alo/URI3MClGdDSns6Gb4ZaW4LET53UWyKk=",
        "owner": "nixos",
        "repo": "nixpkgs",
        "rev": "870959c7fb3a42af1863bed9e1756086a74eb649",
        "type": "github"
      },
      "original": {
        "owner": "nixos",
        "ref": "nixos-unstable",
        "repo": "nixpkgs",
        "type": "github"
      }
    },
    "nixpkgs_8": {
      "locked": {
        "lastModified": 1717786204,
        "narHash": "sha256-4q0s6m0GUcN7q+Y2DqD27iLvbcd1G50T2lv08kKxkSI=",
        "owner": "nixos",
        "repo": "nixpkgs",
        "rev": "051f920625ab5aabe37c920346e3e69d7d34400e",
        "type": "github"
      },
      "original": {
        "owner": "nixos",
        "ref": "nixos-unstable",
        "repo": "nixpkgs",
        "type": "github"
      }
    },
    "nixvim": {
      "inputs": {
        "devshell": "devshell",
        "flake-compat": "flake-compat_3",
        "flake-parts": "flake-parts_3",
        "git-hooks": "git-hooks",
        "home-manager": "home-manager_2",
        "nix-darwin": "nix-darwin",
        "nixpkgs": [
          "nixpkgs"
        ],
        "treefmt-nix": "treefmt-nix_3"
      },
      "locked": {
        "lastModified": 1717879126,
        "narHash": "sha256-dylweBqNKh7FoFJisuCxeUSJcBxoiY3QnEsx2nCWLXE=",
        "owner": "nix-community",
        "repo": "nixvim",
        "rev": "70088f6f8945023115f090f26764e5a71ae87a91",
        "type": "github"
      },
      "original": {
        "owner": "nix-community",
        "repo": "nixvim",
        "type": "github"
      }
    },
    "nur": {
      "locked": {
        "lastModified": 1717892817,
        "narHash": "sha256-riF2OX61I99EvQTko/m+nR7e+9CMTH2MhFi3sKD/ESw=",
        "owner": "nix-community",
        "repo": "NUR",
        "rev": "0922a278274aa4638df7b2d24cc8efe3d63d981c",
        "type": "github"
      },
      "original": {
        "owner": "nix-community",
        "repo": "NUR",
        "type": "github"
      }
    },
    "ondsel": {
      "inputs": {
        "nixpkgs": "nixpkgs_5",
        "ondsel-appimage-aarch64-linux": "ondsel-appimage-aarch64-linux",
        "ondsel-appimage-x86_64-linux": "ondsel-appimage-x86_64-linux",
        "ondsel-feedstock": "ondsel-feedstock"
      },
      "locked": {
        "lastModified": 1710165992,
        "narHash": "sha256-Nk/bndskmQJCiyqkhQJOEffZAL6hAP/B1efETSjxOWE=",
        "owner": "pinpox",
        "repo": "ondsel-nix",
        "rev": "4a9755b94488d38400cdd10ec3fa9fe30d6140af",
        "type": "github"
      },
      "original": {
        "owner": "pinpox",
        "repo": "ondsel-nix",
        "type": "github"
      }
    },
    "ondsel-appimage-aarch64-linux": {
      "flake": false,
      "locked": {
        "narHash": "sha256-+5t+JbblTb8psKjLB/urN34ZsLnOSLuTGVzAiOmmWJg=",
        "type": "file",
        "url": "https://github.com/Ondsel-Development/FreeCAD/releases/download/2024.1.0/Ondsel_ES_2024.1.0.35694-Linux-aarch64.AppImage"
      },
      "original": {
        "type": "file",
        "url": "https://github.com/Ondsel-Development/FreeCAD/releases/download/2024.1.0/Ondsel_ES_2024.1.0.35694-Linux-aarch64.AppImage"
      }
    },
    "ondsel-appimage-aarch64-linux_2": {
      "flake": false,
      "locked": {
        "narHash": "sha256-+5t+JbblTb8psKjLB/urN34ZsLnOSLuTGVzAiOmmWJg=",
        "type": "file",
        "url": "https://github.com/Ondsel-Development/FreeCAD/releases/download/2024.1.0/Ondsel_ES_2024.1.0.35694-Linux-aarch64.AppImage"
      },
      "original": {
        "type": "file",
        "url": "https://github.com/Ondsel-Development/FreeCAD/releases/download/2024.1.0/Ondsel_ES_2024.1.0.35694-Linux-aarch64.AppImage"
      }
    },
    "ondsel-appimage-x86_64-linux": {
      "flake": false,
      "locked": {
        "narHash": "sha256-VB/JmEdDhyOZNqPTWN7DyGXyxYO8BQYbo5nj+rHWByY=",
        "type": "file",
        "url": "https://github.com/Ondsel-Development/FreeCAD/releases/download/2024.1.0/Ondsel_ES_2024.1.0.35694-Linux-x86_64.AppImage"
      },
      "original": {
        "type": "file",
        "url": "https://github.com/Ondsel-Development/FreeCAD/releases/download/2024.1.0/Ondsel_ES_2024.1.0.35694-Linux-x86_64.AppImage"
      }
    },
    "ondsel-appimage-x86_64-linux_2": {
      "flake": false,
      "locked": {
        "narHash": "sha256-VB/JmEdDhyOZNqPTWN7DyGXyxYO8BQYbo5nj+rHWByY=",
        "type": "file",
        "url": "https://github.com/Ondsel-Development/FreeCAD/releases/download/2024.1.0/Ondsel_ES_2024.1.0.35694-Linux-x86_64.AppImage"
      },
      "original": {
        "type": "file",
        "url": "https://github.com/Ondsel-Development/FreeCAD/releases/download/2024.1.0/Ondsel_ES_2024.1.0.35694-Linux-x86_64.AppImage"
      }
    },
    "ondsel-feedstock": {
      "flake": false,
      "locked": {
        "lastModified": 1709583214,
        "narHash": "sha256-H5LbcK5iXS+QFhMayvCDSfXk2ulc6BJXWVwv97nPH9o=",
        "owner": "Ondsel-Development",
        "repo": "freecad-feedstock",
        "rev": "386fab80c8aaa3bb1b9454aee8695c959d642bac",
        "type": "github"
      },
      "original": {
        "owner": "Ondsel-Development",
        "repo": "freecad-feedstock",
        "type": "github"
      }
    },
    "ondsel-feedstock_2": {
      "flake": false,
      "locked": {
        "lastModified": 1709583214,
        "narHash": "sha256-H5LbcK5iXS+QFhMayvCDSfXk2ulc6BJXWVwv97nPH9o=",
        "owner": "Ondsel-Development",
        "repo": "freecad-feedstock",
        "rev": "386fab80c8aaa3bb1b9454aee8695c959d642bac",
        "type": "github"
      },
      "original": {
        "owner": "Ondsel-Development",
        "repo": "freecad-feedstock",
        "type": "github"
      }
    },
    "ondsel_2": {
      "inputs": {
        "nixpkgs": [
          "nixpkgs"
        ],
        "ondsel-appimage-aarch64-linux": "ondsel-appimage-aarch64-linux_2",
        "ondsel-appimage-x86_64-linux": "ondsel-appimage-x86_64-linux_2",
        "ondsel-feedstock": "ondsel-feedstock_2"
      },
      "locked": {
        "lastModified": 1710165992,
        "narHash": "sha256-Nk/bndskmQJCiyqkhQJOEffZAL6hAP/B1efETSjxOWE=",
        "owner": "pinpox",
        "repo": "ondsel-nix",
        "rev": "4a9755b94488d38400cdd10ec3fa9fe30d6140af",
        "type": "github"
      },
      "original": {
        "owner": "pinpox",
        "repo": "ondsel-nix",
        "type": "github"
      }
    },
    "root": {
      "inputs": {
        "adblock-unbound": "adblock-unbound",
        "adblockStevenBlack": "adblockStevenBlack",
        "bonn-mensa": "bonn-mensa",
        "crab_share": "crab_share",
        "disko": "disko",
        "flake-utils": "flake-utils",
        "home-manager": "home-manager",
        "lollypops": "lollypops",
        "mayniklas": "mayniklas",
        "nixgl": "nixgl",
        "nixos-generators": "nixos-generators",
        "nixos-hardware": "nixos-hardware",
        "nixpkgs": "nixpkgs_8",
        "nixvim": "nixvim",
        "nur": "nur",
        "ondsel": "ondsel_2",
        "sops-nix": "sops-nix"
      }
    },
    "shelly-exporter": {
      "inputs": {
        "flake-utils": [
          "mayniklas",
          "flake-utils"
        ],
        "nixpkgs": [
          "mayniklas",
          "nixpkgs"
        ]
      },
      "locked": {
        "lastModified": 1711874430,
        "narHash": "sha256-S6OzsUJjcvyYqU4jG/+1P5Jx4Iq9grjXY+D9HwavJVI=",
        "owner": "MayNiklas",
        "repo": "shelly-exporter",
        "rev": "24e8a12f229f86c08ec00d86b3986c6466eb9692",
        "type": "github"
      },
      "original": {
        "owner": "MayNiklas",
        "repo": "shelly-exporter",
        "type": "github"
      }
    },
    "sops-nix": {
      "inputs": {
        "nixpkgs": [
          "nixpkgs"
        ],
        "nixpkgs-stable": "nixpkgs-stable_2"
      },
      "locked": {
        "lastModified": 1717455931,
        "narHash": "sha256-8Q6mKSsto8gaGczXd4G0lvawdAYLa5Dlh3/g4hl5CaM=",
        "owner": "Mic92",
        "repo": "sops-nix",
        "rev": "d4555e80d80d2fa77f0a44201ca299f9602492a0",
        "type": "github"
      },
      "original": {
        "owner": "Mic92",
        "repo": "sops-nix",
        "type": "github"
      }
    },
    "systems": {
      "locked": {
        "lastModified": 1681028828,
        "narHash": "sha256-Vy1rq5AaRuLzOxct8nz4T6wlgyUR7zLU309k9mBC768=",
        "owner": "nix-systems",
        "repo": "default",
        "rev": "da67096a3b9bf56a91d16901293e51ba5b49a27e",
        "type": "github"
      },
      "original": {
        "owner": "nix-systems",
        "repo": "default",
        "type": "github"
      }
    },
    "systems_2": {
      "locked": {
        "lastModified": 1681028828,
        "narHash": "sha256-Vy1rq5AaRuLzOxct8nz4T6wlgyUR7zLU309k9mBC768=",
        "owner": "nix-systems",
        "repo": "default",
        "rev": "da67096a3b9bf56a91d16901293e51ba5b49a27e",
        "type": "github"
      },
      "original": {
        "owner": "nix-systems",
        "repo": "default",
        "type": "github"
      }
    },
    "systems_3": {
      "locked": {
        "lastModified": 1681028828,
        "narHash": "sha256-Vy1rq5AaRuLzOxct8nz4T6wlgyUR7zLU309k9mBC768=",
        "owner": "nix-systems",
        "repo": "default",
        "rev": "da67096a3b9bf56a91d16901293e51ba5b49a27e",
        "type": "github"
      },
      "original": {
        "owner": "nix-systems",
        "repo": "default",
        "type": "github"
      }
    },
    "systems_4": {
      "locked": {
        "lastModified": 1681028828,
        "narHash": "sha256-Vy1rq5AaRuLzOxct8nz4T6wlgyUR7zLU309k9mBC768=",
        "owner": "nix-systems",
        "repo": "default",
        "rev": "da67096a3b9bf56a91d16901293e51ba5b49a27e",
        "type": "github"
      },
      "original": {
        "owner": "nix-systems",
        "repo": "default",
        "type": "github"
      }
    },
    "systems_5": {
      "locked": {
        "lastModified": 1681028828,
        "narHash": "sha256-Vy1rq5AaRuLzOxct8nz4T6wlgyUR7zLU309k9mBC768=",
        "owner": "nix-systems",
        "repo": "default",
        "rev": "da67096a3b9bf56a91d16901293e51ba5b49a27e",
        "type": "github"
      },
      "original": {
        "owner": "nix-systems",
        "repo": "default",
        "type": "github"
      }
    },
    "treefmt-nix": {
      "inputs": {
        "nixpkgs": [
          "mayniklas",
          "nix-fast-build",
          "nixpkgs"
        ]
      },
      "locked": {
        "lastModified": 1714058656,
        "narHash": "sha256-Qv4RBm4LKuO4fNOfx9wl40W2rBbv5u5m+whxRYUMiaA=",
        "owner": "numtide",
        "repo": "treefmt-nix",
        "rev": "c6aaf729f34a36c445618580a9f95a48f5e4e03f",
        "type": "github"
      },
      "original": {
        "owner": "numtide",
        "repo": "treefmt-nix",
        "type": "github"
      }
    },
    "treefmt-nix_2": {
      "inputs": {
        "nixpkgs": [
          "mayniklas",
          "nixpkgs-review",
          "nixpkgs"
        ]
      },
      "locked": {
        "lastModified": 1710278050,
        "narHash": "sha256-Oc6BP7soXqb8itlHI8UKkdf3V9GeJpa1S39SR5+HJys=",
        "owner": "numtide",
        "repo": "treefmt-nix",
        "rev": "35791f76524086ab4b785a33e4abbedfda64bd22",
        "type": "github"
      },
      "original": {
        "owner": "numtide",
        "repo": "treefmt-nix",
        "type": "github"
      }
    },
    "treefmt-nix_3": {
      "inputs": {
        "nixpkgs": [
          "nixvim",
          "nixpkgs"
        ]
      },
      "locked": {
        "lastModified": 1717278143,
        "narHash": "sha256-u10aDdYrpiGOLoxzY/mJ9llST9yO8Q7K/UlROoNxzDw=",
        "owner": "numtide",
        "repo": "treefmt-nix",
        "rev": "3eb96ca1ae9edf792a8e0963cc92fddfa5a87706",
        "type": "github"
      },
      "original": {
        "owner": "numtide",
        "repo": "treefmt-nix",
        "type": "github"
      }
    },
    "valorant-exporter": {
      "inputs": {
        "flake-utils": [
          "mayniklas",
          "flake-utils"
        ],
        "nixpkgs": [
          "mayniklas",
          "nixpkgs"
        ]
      },
      "locked": {
        "lastModified": 1711875124,
        "narHash": "sha256-GuoUQueMX06djY2ER8OzJUGDex5biYqk0FZMJxw6Kp8=",
        "owner": "MayNiklas",
        "repo": "valorant-exporter",
        "rev": "dca1a05f66d88354f6291e72fc598dc601cdc578",
        "type": "github"
      },
      "original": {
        "owner": "MayNiklas",
        "repo": "valorant-exporter",
        "type": "github"
      }
    },
    "vscode-server": {
      "inputs": {
        "flake-utils": "flake-utils_5",
        "nixpkgs": "nixpkgs_6"
      },
      "locked": {
        "lastModified": 1713958148,
        "narHash": "sha256-8PDNi/dgoI2kyM7uSiU4eoLBqUKoA+3TXuz+VWmuCOc=",
        "owner": "msteen",
        "repo": "nixos-vscode-server",
        "rev": "fc900c16efc6a5ed972fb6be87df018bcf3035bc",
        "type": "github"
      },
      "original": {
        "owner": "msteen",
        "repo": "nixos-vscode-server",
        "type": "github"
      }
    },
    "wallpaper-generator": {
      "inputs": {
        "flake-compat": "flake-compat_2",
        "flake-utils": "flake-utils_6",
        "nixpkgs": "nixpkgs_7"
      },
      "locked": {
        "lastModified": 1672425573,
        "narHash": "sha256-/5axSF9ow9R+5VDaXS/ehs14kkIY6xICxoWJ791nHGY=",
        "owner": "pinpox",
        "repo": "wallpaper-generator",
        "rev": "6461fa794745fb18f2b04f58015e9a2871ca7099",
        "type": "github"
      },
      "original": {
        "owner": "pinpox",
        "repo": "wallpaper-generator",
        "type": "github"
      }
    }
  },
  "root": "root",
  "version": 7
}
